
Microsoft Visual Studio Solution File, Format Version 12.00
# Visual Studio Version 16
VisualStudioVersion = 16.0.29411.108
MinimumVisualStudioVersion = 10.0.40219.1
Project("{2150E333-8FDC-42A3-9474-1A3956D46DE8}") = "Chapter1", "Chapter1", "{22DFAFF8-C3C7-417E-90D6-8A7E1B2B7341}"
EndProject
Project("{2150E333-8FDC-42A3-9474-1A3956D46DE8}") = "Smple1", "Smple1", "{55A40476-8C0B-4BCB-8364-C7911214C80A}"
EndProject
Project("{9A19103F-16F7-4668-BE54-9A1E7A4F7556}") = "Microdev.ASPNETCore", "src\Chapter1\Sample1\Microdev.ASPNETCore\Microdev.ASPNETCore\Microdev.ASPNETCore.csproj", "{62676E99-E15C-4201-A8C1-B15137736E89}"
EndProject
Project("{2150E333-8FDC-42A3-9474-1A3956D46DE8}") = "Chapter2", "Chapter2", "{8E9DB559-5017-4EEA-8ED4-76D32B5A0F36}"
EndProject
Project("{2150E333-8FDC-42A3-9474-1A3956D46DE8}") = "Sample1", "Sample1", "{EF148B09-41B6-4132-ADA8-70CA45150E57}"
EndProject
Project("{9A19103F-16F7-4668-BE54-9A1E7A4F7556}") = "Microdev.ASPNETCore", "src\Chapter2\Sample1\Microdev.ASPNETCore\Microdev.ASPNETCore\Microdev.ASPNETCore.csproj", "{9DFC16DF-D794-472F-BF43-BF0596D83608}"
EndProject
Project("{2150E333-8FDC-42A3-9474-1A3956D46DE8}") = "Sample2", "Sample2", "{682CF3A8-0A33-4DEC-870B-66F893BC9425}"
EndProject
Project("{9A19103F-16F7-4668-BE54-9A1E7A4F7556}") = "Microdev.ASPNETCore", "src\Chapter2\Sample2\Microdev.ASPNETCore\Microdev.ASPNETCore\Microdev.ASPNETCore.csproj", "{78EEFF4C-D986-46CB-800F-51C9CEDE9EB7}"
EndProject
Project("{2150E333-8FDC-42A3-9474-1A3956D46DE8}") = "Chapter3", "Chapter3", "{952C8421-A4F3-4738-8752-F814ADE34BAF}"
EndProject
Project("{2150E333-8FDC-42A3-9474-1A3956D46DE8}") = "Sample1", "Sample1", "{04E52EE3-FF08-4E3C-BE7E-896063802985}"
EndProject
Project("{9A19103F-16F7-4668-BE54-9A1E7A4F7556}") = "Microdev.ASPNETCore", "src\Chapter3\Sample1\Microdev.ASPNETCore\Microdev.ASPNETCore\Microdev.ASPNETCore.csproj", "{3264E0D0-AFF6-4EAD-BA3A-BB119082D740}"
EndProject
Project("{2150E333-8FDC-42A3-9474-1A3956D46DE8}") = "Chapter4", "Chapter4", "{CB859022-F045-4AD2-871D-1EDBE72CCB61}"
EndProject
Project("{2150E333-8FDC-42A3-9474-1A3956D46DE8}") = "Sample1", "Sample1", "{1E6CBD62-2F92-4341-A4B4-185C0E8A2763}"
EndProject
Project("{9A19103F-16F7-4668-BE54-9A1E7A4F7556}") = "Microdev.ASPNETCore", "src\Chapter4\Sample1\Microdev.ASPNETCore\Microdev.ASPNETCore\Microdev.ASPNETCore.csproj", "{0B46F9BD-C6FF-4B6A-B50A-55C189D112A5}"
EndProject
Project("{2150E333-8FDC-42A3-9474-1A3956D46DE8}") = "Sample2", "Sample2", "{525B72C9-F52A-4B71-97A1-B9C870E84426}"
EndProject
Project("{9A19103F-16F7-4668-BE54-9A1E7A4F7556}") = "Microdev.ASPNETCore", "src\Chapter4\Sample2\Microdev.ASPNETCore\Microdev.ASPNETCore\Microdev.ASPNETCore.csproj", "{C8F1B080-691E-4054-94DE-D9D3151D051C}"
EndProject
Project("{2150E333-8FDC-42A3-9474-1A3956D46DE8}") = "Sample3", "Sample3", "{38D85ADE-0D77-4F2E-9E5F-636F96C39D90}"
EndProject
Project("{9A19103F-16F7-4668-BE54-9A1E7A4F7556}") = "Microdev.ASPNETCore", "src\Chapter4\Sample3\Microdev.ASPNETCore\Microdev.ASPNETCore\Microdev.ASPNETCore.csproj", "{CCDAA3AF-D034-4F2B-A5D7-4C13E6AE668A}"
EndProject
Project("{2150E333-8FDC-42A3-9474-1A3956D46DE8}") = "Chapter5", "Chapter5", "{5CCD4E35-0CF4-4FF6-80C5-C36C480EFFBC}"
EndProject
Project("{2150E333-8FDC-42A3-9474-1A3956D46DE8}") = "Sample1", "Sample1", "{684F8878-AB8D-4C74-8674-3C23666FE89B}"
EndProject
Project("{9A19103F-16F7-4668-BE54-9A1E7A4F7556}") = "Microdev.ASPNETCore", "src\Chapter5\Sample1\Microdev.ASPNETCore\Microdev.ASPNETCore\Microdev.ASPNETCore.csproj", "{45988AF2-904B-48C3-B723-3202CD2ACD21}"
EndProject
Project("{2150E333-8FDC-42A3-9474-1A3956D46DE8}") = "Sample2", "Sample2", "{F0D8AE6D-6FC1-405A-83FE-B0F636D050FA}"
EndProject
Project("{9A19103F-16F7-4668-BE54-9A1E7A4F7556}") = "Microdev.ASPNETCore", "src\Chapter5\Sample2\Microdev.ASPNETCore\Microdev.ASPNETCore\Microdev.ASPNETCore.csproj", "{660C05E8-E8B4-4834-AB9D-6E983AB075DF}"
EndProject
Project("{2150E333-8FDC-42A3-9474-1A3956D46DE8}") = "Sample3", "Sample3", "{670588E1-A83E-4476-BD06-CC49441E33B9}"
EndProject
Project("{9A19103F-16F7-4668-BE54-9A1E7A4F7556}") = "Microdev.ASPNETCore", "src\Chapter5\Sample3\Microdev.ASPNETCore\Microdev.ASPNETCore\Microdev.ASPNETCore.csproj", "{E64D6934-F1D9-43D4-8F11-AA154A238EA1}"
EndProject
Project("{2150E333-8FDC-42A3-9474-1A3956D46DE8}") = "Sample4", "Sample4", "{D8DE7D26-F528-45B9-B1D2-8CD6B00BD19C}"
EndProject
Project("{9A19103F-16F7-4668-BE54-9A1E7A4F7556}") = "Microdev.ASPNETCore", "src\Chapter5\Sample4\Microdev.ASPNETCore\Microdev.ASPNETCore\Microdev.ASPNETCore.csproj", "{B240929E-01BA-4AF3-A22F-FD63931C6442}"
EndProject
Project("{2150E333-8FDC-42A3-9474-1A3956D46DE8}") = "Sample5", "Sample5", "{47A50327-E9D7-4F06-9B37-B884DDDB807B}"
EndProject
Project("{9A19103F-16F7-4668-BE54-9A1E7A4F7556}") = "Microdev.ASPNETCore", "src\Chapter5\Sample5\Microdev.ASPNETCore\Microdev.ASPNETCore\Microdev.ASPNETCore.csproj", "{D750B94E-5A56-40F8-BA5F-671ACC838DC6}"
EndProject
Project("{2150E333-8FDC-42A3-9474-1A3956D46DE8}") = "Chapter6", "Chapter6", "{A7A5A801-182D-425C-863B-EEDF9E51C261}"
EndProject
Project("{2150E333-8FDC-42A3-9474-1A3956D46DE8}") = "Sample1", "Sample1", "{771D816F-3439-4A6C-8231-DDAD59224B8E}"
EndProject
Project("{9A19103F-16F7-4668-BE54-9A1E7A4F7556}") = "Microdev.ASPNETCore", "src\Chapter6\Sample1\Microdev.ASPNETCore\Microdev.ASPNETCore\Microdev.ASPNETCore.csproj", "{BCBAC279-7C07-4C49-BA48-48D2909B7EE6}"
EndProject
Project("{2150E333-8FDC-42A3-9474-1A3956D46DE8}") = "Chapter7", "Chapter7", "{1A4F010B-5114-412A-B1FB-679D5FECD32B}"
EndProject
Project("{2150E333-8FDC-42A3-9474-1A3956D46DE8}") = "Sample1", "Sample1", "{CB99F966-CAD5-434C-9CE2-1C337F7984BE}"
EndProject
Project("{9A19103F-16F7-4668-BE54-9A1E7A4F7556}") = "Microdev.ASPNETCore", "src\Chapter7\Sample1\Microdev.ASPNETCore\Microdev.ASPNETCore\Microdev.ASPNETCore.csproj", "{1F5A0917-997B-4A13-AD04-816907A2785C}"
EndProject
Project("{2150E333-8FDC-42A3-9474-1A3956D46DE8}") = "Sample2", "Sample2", "{81268242-AA51-4D39-B42A-72F3AB805ECF}"
EndProject
Project("{9A19103F-16F7-4668-BE54-9A1E7A4F7556}") = "Microdev.ASPNETCore", "src\Chapter7\Sample2\Microdev.ASPNETCore\Microdev.ASPNETCore\Microdev.ASPNETCore.csproj", "{3FCCA924-3CE1-468A-BDBA-74A0C1A5E309}"
EndProject
Project("{2150E333-8FDC-42A3-9474-1A3956D46DE8}") = "Chapter8", "Chapter8", "{21CCAF84-4408-4272-9B87-92C7F90C9933}"
EndProject
Project("{2150E333-8FDC-42A3-9474-1A3956D46DE8}") = "Sample1", "Sample1", "{B1DF0E89-D2CE-4841-AF82-8AD4255466D0}"
EndProject
Project("{9A19103F-16F7-4668-BE54-9A1E7A4F7556}") = "Microdev.API", "src\Chapter8\Sample1\Microdev.API\Microdev.API\Microdev.API.csproj", "{235A07A1-E0DA-4C3D-A612-0C3A4E54634A}"
EndProject
Project("{9A19103F-16F7-4668-BE54-9A1E7A4F7556}") = "Microdev.Domain", "src\Chapter8\Sample1\Microdev.API\Microdev.Domain\Microdev.Domain.csproj", "{DB60F348-27B3-48F2-8DAD-3B7FA12C7A1F}"
EndProject
Project("{9A19103F-16F7-4668-BE54-9A1E7A4F7556}") = "Microdev.Infrastructure", "src\Chapter8\Sample1\Microdev.API\Microdev.Infrastructure\Microdev.Infrastructure.csproj", "{A602DEB5-BAF3-4FC2-841A-7A46872CB50E}"
EndProject
Project("{2150E333-8FDC-42A3-9474-1A3956D46DE8}") = "Chapter9", "Chapter9", "{0EBBAB72-792C-45B4-AB3D-559BD2C9FF77}"
EndProject
Project("{2150E333-8FDC-42A3-9474-1A3956D46DE8}") = "Sample1", "Sample1", "{6FB14DDC-A92D-4BE1-95C8-331018FDBE18}"
EndProject
Project("{9A19103F-16F7-4668-BE54-9A1E7A4F7556}") = "Microdev.ASPNETCore", "src\Chapter9\Sample1\Microdev.ASPNETCore\Microdev.ASPNETCore\Microdev.ASPNETCore.csproj", "{2804BB9A-0F93-477F-910E-470F3B76E16E}"
EndProject
Project("{2150E333-8FDC-42A3-9474-1A3956D46DE8}") = "Tests", "Tests", "{789F7540-A57C-4DAC-8D2D-62C4CBA508A6}"
	ProjectSection(SolutionItems) = preProject
		src\Chapter8\Sample1\Microdev.API\CreateDepartment.ps1 = src\Chapter8\Sample1\Microdev.API\CreateDepartment.ps1
		src\Chapter8\Sample1\Microdev.API\DeleteDepartment.ps1 = src\Chapter8\Sample1\Microdev.API\DeleteDepartment.ps1
		src\Chapter8\Sample1\Microdev.API\UpdateDepartment.ps1 = src\Chapter8\Sample1\Microdev.API\UpdateDepartment.ps1
	EndProjectSection
EndProject
Global
	GlobalSection(SolutionConfigurationPlatforms) = preSolution
		Debug|Any CPU = Debug|Any CPU
		Release|Any CPU = Release|Any CPU
	EndGlobalSection
	GlobalSection(ProjectConfigurationPlatforms) = postSolution
		{62676E99-E15C-4201-A8C1-B15137736E89}.Debug|Any CPU.ActiveCfg = Debug|Any CPU
		{62676E99-E15C-4201-A8C1-B15137736E89}.Debug|Any CPU.Build.0 = Debug|Any CPU
		{62676E99-E15C-4201-A8C1-B15137736E89}.Release|Any CPU.ActiveCfg = Release|Any CPU
		{62676E99-E15C-4201-A8C1-B15137736E89}.Release|Any CPU.Build.0 = Release|Any CPU
		{9DFC16DF-D794-472F-BF43-BF0596D83608}.Debug|Any CPU.ActiveCfg = Debug|Any CPU
		{9DFC16DF-D794-472F-BF43-BF0596D83608}.Debug|Any CPU.Build.0 = Debug|Any CPU
		{9DFC16DF-D794-472F-BF43-BF0596D83608}.Release|Any CPU.ActiveCfg = Release|Any CPU
		{9DFC16DF-D794-472F-BF43-BF0596D83608}.Release|Any CPU.Build.0 = Release|Any CPU
		{78EEFF4C-D986-46CB-800F-51C9CEDE9EB7}.Debug|Any CPU.ActiveCfg = Debug|Any CPU
		{78EEFF4C-D986-46CB-800F-51C9CEDE9EB7}.Debug|Any CPU.Build.0 = Debug|Any CPU
		{78EEFF4C-D986-46CB-800F-51C9CEDE9EB7}.Release|Any CPU.ActiveCfg = Release|Any CPU
		{78EEFF4C-D986-46CB-800F-51C9CEDE9EB7}.Release|Any CPU.Build.0 = Release|Any CPU
		{3264E0D0-AFF6-4EAD-BA3A-BB119082D740}.Debug|Any CPU.ActiveCfg = Debug|Any CPU
		{3264E0D0-AFF6-4EAD-BA3A-BB119082D740}.Debug|Any CPU.Build.0 = Debug|Any CPU
		{3264E0D0-AFF6-4EAD-BA3A-BB119082D740}.Release|Any CPU.ActiveCfg = Release|Any CPU
		{3264E0D0-AFF6-4EAD-BA3A-BB119082D740}.Release|Any CPU.Build.0 = Release|Any CPU
		{0B46F9BD-C6FF-4B6A-B50A-55C189D112A5}.Debug|Any CPU.ActiveCfg = Debug|Any CPU
		{0B46F9BD-C6FF-4B6A-B50A-55C189D112A5}.Debug|Any CPU.Build.0 = Debug|Any CPU
		{0B46F9BD-C6FF-4B6A-B50A-55C189D112A5}.Release|Any CPU.ActiveCfg = Release|Any CPU
		{0B46F9BD-C6FF-4B6A-B50A-55C189D112A5}.Release|Any CPU.Build.0 = Release|Any CPU
		{C8F1B080-691E-4054-94DE-D9D3151D051C}.Debug|Any CPU.ActiveCfg = Debug|Any CPU
		{C8F1B080-691E-4054-94DE-D9D3151D051C}.Debug|Any CPU.Build.0 = Debug|Any CPU
		{C8F1B080-691E-4054-94DE-D9D3151D051C}.Release|Any CPU.ActiveCfg = Release|Any CPU
		{C8F1B080-691E-4054-94DE-D9D3151D051C}.Release|Any CPU.Build.0 = Release|Any CPU
		{CCDAA3AF-D034-4F2B-A5D7-4C13E6AE668A}.Debug|Any CPU.ActiveCfg = Debug|Any CPU
		{CCDAA3AF-D034-4F2B-A5D7-4C13E6AE668A}.Debug|Any CPU.Build.0 = Debug|Any CPU
		{CCDAA3AF-D034-4F2B-A5D7-4C13E6AE668A}.Release|Any CPU.ActiveCfg = Release|Any CPU
		{CCDAA3AF-D034-4F2B-A5D7-4C13E6AE668A}.Release|Any CPU.Build.0 = Release|Any CPU
		{45988AF2-904B-48C3-B723-3202CD2ACD21}.Debug|Any CPU.ActiveCfg = Debug|Any CPU
		{45988AF2-904B-48C3-B723-3202CD2ACD21}.Debug|Any CPU.Build.0 = Debug|Any CPU
		{45988AF2-904B-48C3-B723-3202CD2ACD21}.Release|Any CPU.ActiveCfg = Release|Any CPU
		{45988AF2-904B-48C3-B723-3202CD2ACD21}.Release|Any CPU.Build.0 = Release|Any CPU
		{660C05E8-E8B4-4834-AB9D-6E983AB075DF}.Debug|Any CPU.ActiveCfg = Debug|Any CPU
		{660C05E8-E8B4-4834-AB9D-6E983AB075DF}.Debug|Any CPU.Build.0 = Debug|Any CPU
		{660C05E8-E8B4-4834-AB9D-6E983AB075DF}.Release|Any CPU.ActiveCfg = Release|Any CPU
		{660C05E8-E8B4-4834-AB9D-6E983AB075DF}.Release|Any CPU.Build.0 = Release|Any CPU
		{E64D6934-F1D9-43D4-8F11-AA154A238EA1}.Debug|Any CPU.ActiveCfg = Debug|Any CPU
		{E64D6934-F1D9-43D4-8F11-AA154A238EA1}.Debug|Any CPU.Build.0 = Debug|Any CPU
		{E64D6934-F1D9-43D4-8F11-AA154A238EA1}.Release|Any CPU.ActiveCfg = Release|Any CPU
		{E64D6934-F1D9-43D4-8F11-AA154A238EA1}.Release|Any CPU.Build.0 = Release|Any CPU
		{B240929E-01BA-4AF3-A22F-FD63931C6442}.Debug|Any CPU.ActiveCfg = Debug|Any CPU
		{B240929E-01BA-4AF3-A22F-FD63931C6442}.Debug|Any CPU.Build.0 = Debug|Any CPU
		{B240929E-01BA-4AF3-A22F-FD63931C6442}.Release|Any CPU.ActiveCfg = Release|Any CPU
		{B240929E-01BA-4AF3-A22F-FD63931C6442}.Release|Any CPU.Build.0 = Release|Any CPU
		{D750B94E-5A56-40F8-BA5F-671ACC838DC6}.Debug|Any CPU.ActiveCfg = Debug|Any CPU
		{D750B94E-5A56-40F8-BA5F-671ACC838DC6}.Debug|Any CPU.Build.0 = Debug|Any CPU
		{D750B94E-5A56-40F8-BA5F-671ACC838DC6}.Release|Any CPU.ActiveCfg = Release|Any CPU
		{D750B94E-5A56-40F8-BA5F-671ACC838DC6}.Release|Any CPU.Build.0 = Release|Any CPU
		{BCBAC279-7C07-4C49-BA48-48D2909B7EE6}.Debug|Any CPU.ActiveCfg = Debug|Any CPU
		{BCBAC279-7C07-4C49-BA48-48D2909B7EE6}.Debug|Any CPU.Build.0 = Debug|Any CPU
		{BCBAC279-7C07-4C49-BA48-48D2909B7EE6}.Release|Any CPU.ActiveCfg = Release|Any CPU
		{BCBAC279-7C07-4C49-BA48-48D2909B7EE6}.Release|Any CPU.Build.0 = Release|Any CPU
		{1F5A0917-997B-4A13-AD04-816907A2785C}.Debug|Any CPU.ActiveCfg = Debug|Any CPU
		{1F5A0917-997B-4A13-AD04-816907A2785C}.Debug|Any CPU.Build.0 = Debug|Any CPU
		{1F5A0917-997B-4A13-AD04-816907A2785C}.Release|Any CPU.ActiveCfg = Release|Any CPU
		{1F5A0917-997B-4A13-AD04-816907A2785C}.Release|Any CPU.Build.0 = Release|Any CPU
		{3FCCA924-3CE1-468A-BDBA-74A0C1A5E309}.Debug|Any CPU.ActiveCfg = Debug|Any CPU
		{3FCCA924-3CE1-468A-BDBA-74A0C1A5E309}.Debug|Any CPU.Build.0 = Debug|Any CPU
		{3FCCA924-3CE1-468A-BDBA-74A0C1A5E309}.Release|Any CPU.ActiveCfg = Release|Any CPU
		{3FCCA924-3CE1-468A-BDBA-74A0C1A5E309}.Release|Any CPU.Build.0 = Release|Any CPU
		{235A07A1-E0DA-4C3D-A612-0C3A4E54634A}.Debug|Any CPU.ActiveCfg = Debug|Any CPU
		{235A07A1-E0DA-4C3D-A612-0C3A4E54634A}.Debug|Any CPU.Build.0 = Debug|Any CPU
		{235A07A1-E0DA-4C3D-A612-0C3A4E54634A}.Release|Any CPU.ActiveCfg = Release|Any CPU
		{235A07A1-E0DA-4C3D-A612-0C3A4E54634A}.Release|Any CPU.Build.0 = Release|Any CPU
		{DB60F348-27B3-48F2-8DAD-3B7FA12C7A1F}.Debug|Any CPU.ActiveCfg = Debug|Any CPU
		{DB60F348-27B3-48F2-8DAD-3B7FA12C7A1F}.Debug|Any CPU.Build.0 = Debug|Any CPU
		{DB60F348-27B3-48F2-8DAD-3B7FA12C7A1F}.Release|Any CPU.ActiveCfg = Release|Any CPU
		{DB60F348-27B3-48F2-8DAD-3B7FA12C7A1F}.Release|Any CPU.Build.0 = Release|Any CPU
		{A602DEB5-BAF3-4FC2-841A-7A46872CB50E}.Debug|Any CPU.ActiveCfg = Debug|Any CPU
		{A602DEB5-BAF3-4FC2-841A-7A46872CB50E}.Debug|Any CPU.Build.0 = Debug|Any CPU
		{A602DEB5-BAF3-4FC2-841A-7A46872CB50E}.Release|Any CPU.ActiveCfg = Release|Any CPU
		{A602DEB5-BAF3-4FC2-841A-7A46872CB50E}.Release|Any CPU.Build.0 = Release|Any CPU
		{2804BB9A-0F93-477F-910E-470F3B76E16E}.Debug|Any CPU.ActiveCfg = Debug|Any CPU
		{2804BB9A-0F93-477F-910E-470F3B76E16E}.Debug|Any CPU.Build.0 = Debug|Any CPU
		{2804BB9A-0F93-477F-910E-470F3B76E16E}.Release|Any CPU.ActiveCfg = Release|Any CPU
		{2804BB9A-0F93-477F-910E-470F3B76E16E}.Release|Any CPU.Build.0 = Release|Any CPU
	EndGlobalSection
	GlobalSection(SolutionProperties) = preSolution
		HideSolutionNode = FALSE
	EndGlobalSection
	GlobalSection(NestedProjects) = preSolution
		{55A40476-8C0B-4BCB-8364-C7911214C80A} = {22DFAFF8-C3C7-417E-90D6-8A7E1B2B7341}
		{62676E99-E15C-4201-A8C1-B15137736E89} = {55A40476-8C0B-4BCB-8364-C7911214C80A}
		{EF148B09-41B6-4132-ADA8-70CA45150E57} = {8E9DB559-5017-4EEA-8ED4-76D32B5A0F36}
		{9DFC16DF-D794-472F-BF43-BF0596D83608} = {EF148B09-41B6-4132-ADA8-70CA45150E57}
		{682CF3A8-0A33-4DEC-870B-66F893BC9425} = {8E9DB559-5017-4EEA-8ED4-76D32B5A0F36}
		{78EEFF4C-D986-46CB-800F-51C9CEDE9EB7} = {682CF3A8-0A33-4DEC-870B-66F893BC9425}
		{04E52EE3-FF08-4E3C-BE7E-896063802985} = {952C8421-A4F3-4738-8752-F814ADE34BAF}
		{3264E0D0-AFF6-4EAD-BA3A-BB119082D740} = {04E52EE3-FF08-4E3C-BE7E-896063802985}
		{1E6CBD62-2F92-4341-A4B4-185C0E8A2763} = {CB859022-F045-4AD2-871D-1EDBE72CCB61}
		{0B46F9BD-C6FF-4B6A-B50A-55C189D112A5} = {1E6CBD62-2F92-4341-A4B4-185C0E8A2763}
		{525B72C9-F52A-4B71-97A1-B9C870E84426} = {CB859022-F045-4AD2-871D-1EDBE72CCB61}
		{C8F1B080-691E-4054-94DE-D9D3151D051C} = {525B72C9-F52A-4B71-97A1-B9C870E84426}
		{38D85ADE-0D77-4F2E-9E5F-636F96C39D90} = {CB859022-F045-4AD2-871D-1EDBE72CCB61}
		{CCDAA3AF-D034-4F2B-A5D7-4C13E6AE668A} = {38D85ADE-0D77-4F2E-9E5F-636F96C39D90}
		{684F8878-AB8D-4C74-8674-3C23666FE89B} = {5CCD4E35-0CF4-4FF6-80C5-C36C480EFFBC}
		{45988AF2-904B-48C3-B723-3202CD2ACD21} = {684F8878-AB8D-4C74-8674-3C23666FE89B}
		{F0D8AE6D-6FC1-405A-83FE-B0F636D050FA} = {5CCD4E35-0CF4-4FF6-80C5-C36C480EFFBC}
		{660C05E8-E8B4-4834-AB9D-6E983AB075DF} = {F0D8AE6D-6FC1-405A-83FE-B0F636D050FA}
		{670588E1-A83E-4476-BD06-CC49441E33B9} = {5CCD4E35-0CF4-4FF6-80C5-C36C480EFFBC}
		{E64D6934-F1D9-43D4-8F11-AA154A238EA1} = {670588E1-A83E-4476-BD06-CC49441E33B9}
		{D8DE7D26-F528-45B9-B1D2-8CD6B00BD19C} = {5CCD4E35-0CF4-4FF6-80C5-C36C480EFFBC}
		{B240929E-01BA-4AF3-A22F-FD63931C6442} = {D8DE7D26-F528-45B9-B1D2-8CD6B00BD19C}
		{47A50327-E9D7-4F06-9B37-B884DDDB807B} = {5CCD4E35-0CF4-4FF6-80C5-C36C480EFFBC}
		{D750B94E-5A56-40F8-BA5F-671ACC838DC6} = {47A50327-E9D7-4F06-9B37-B884DDDB807B}
		{771D816F-3439-4A6C-8231-DDAD59224B8E} = {A7A5A801-182D-425C-863B-EEDF9E51C261}
		{BCBAC279-7C07-4C49-BA48-48D2909B7EE6} = {771D816F-3439-4A6C-8231-DDAD59224B8E}
		{CB99F966-CAD5-434C-9CE2-1C337F7984BE} = {1A4F010B-5114-412A-B1FB-679D5FECD32B}
		{1F5A0917-997B-4A13-AD04-816907A2785C} = {CB99F966-CAD5-434C-9CE2-1C337F7984BE}
		{81268242-AA51-4D39-B42A-72F3AB805ECF} = {1A4F010B-5114-412A-B1FB-679D5FECD32B}
		{3FCCA924-3CE1-468A-BDBA-74A0C1A5E309} = {81268242-AA51-4D39-B42A-72F3AB805ECF}
		{B1DF0E89-D2CE-4841-AF82-8AD4255466D0} = {21CCAF84-4408-4272-9B87-92C7F90C9933}
		{235A07A1-E0DA-4C3D-A612-0C3A4E54634A} = {B1DF0E89-D2CE-4841-AF82-8AD4255466D0}
		{DB60F348-27B3-48F2-8DAD-3B7FA12C7A1F} = {B1DF0E89-D2CE-4841-AF82-8AD4255466D0}
		{A602DEB5-BAF3-4FC2-841A-7A46872CB50E} = {B1DF0E89-D2CE-4841-AF82-8AD4255466D0}
		{6FB14DDC-A92D-4BE1-95C8-331018FDBE18} = {0EBBAB72-792C-45B4-AB3D-559BD2C9FF77}
		{2804BB9A-0F93-477F-910E-470F3B76E16E} = {6FB14DDC-A92D-4BE1-95C8-331018FDBE18}
		{789F7540-A57C-4DAC-8D2D-62C4CBA508A6} = {B1DF0E89-D2CE-4841-AF82-8AD4255466D0}
	EndGlobalSection
	GlobalSection(ExtensibilityGlobals) = postSolution
		SolutionGuid = {03E63D8F-A55B-4140-A119-637EE31A9931}
	EndGlobalSection
EndGlobal
