
Microsoft Visual Studio Solution File, Format Version 12.00
# Visual Studio Version 16
VisualStudioVersion = 16.0.29411.108
MinimumVisualStudioVersion = 10.0.40219.1
Project("{FAE04EC0-301F-11D3-BF4B-00C04F79EFBC}") = "Microdev.ASPNETCore", "Microdev.ASPNETCore\Microdev.ASPNETCore.csproj", "{FEDA1D11-CA91-4264-8205-34AF0A41FB88}"
EndProject
Global
	GlobalSection(SolutionConfigurationPlatforms) = preSolution
		Debug|Any CPU = Debug|Any CPU
		Release|Any CPU = Release|Any CPU
	EndGlobalSection
	GlobalSection(ProjectConfigurationPlatforms) = postSolution
		{FEDA1D11-CA91-4264-8205-34AF0A41FB88}.Debug|Any CPU.ActiveCfg = Debug|Any CPU
		{FEDA1D11-CA91-4264-8205-34AF0A41FB88}.Debug|Any CPU.Build.0 = Debug|Any CPU
		{FEDA1D11-CA91-4264-8205-34AF0A41FB88}.Release|Any CPU.ActiveCfg = Release|Any CPU
		{FEDA1D11-CA91-4264-8205-34AF0A41FB88}.Release|Any CPU.Build.0 = Release|Any CPU
	EndGlobalSection
	GlobalSection(SolutionProperties) = preSolution
		HideSolutionNode = FALSE
	EndGlobalSection
	GlobalSection(ExtensibilityGlobals) = postSolution
		SolutionGuid = {01C0922B-BE60-4657-B49A-D1270AF371AE}
	EndGlobalSection
EndGlobal
